PODS:
  - Sourcery (0.17.0)
  - SwiftLint (0.38.2)

DEPENDENCIES:
  - Sourcery
  - SwiftLint

SPEC REPOS:
  trunk:
    - Sourcery
    - SwiftLint

SPEC CHECKSUMS:
  Sourcery: 3ed61be7c8a1218fce349266139379dba477efe0
  SwiftLint: 8f5d2f903e1c9bcbc832fd16771e80a263ac6cbb

PODFILE CHECKSUM: 7c52bb7a775dd11c01b8909ae57099032f77bcbc

COCOAPODS: 1.8.4
